
Microsoft Visual Studio Solution File, Format Version 12.00
# Visual Studio Version 17
VisualStudioVersion = 17.8.34330.188
MinimumVisualStudioVersion = 10.0.40219.1
Project("{9A19103F-16F7-4668-BE54-9A1E7A4F7556}") = "INTUS.SalesManager.Api.Web", "src\Api\INTUS.SalesManager.Api.Web\INTUS.SalesManager.Api.Web.csproj", "{4FE03A38-70C3-4124-B0CB-DF45408D7008}"
EndProject
Project("{9A19103F-16F7-4668-BE54-9A1E7A4F7556}") = "INTUS.SalesManager.Client", "src\Client\INTUS.SalesManager.Client\INTUS.SalesManager.Client.csproj", "{70E08EDB-4814-4702-98E6-88B6080D07C7}"
EndProject
Project("{2150E333-8FDC-42A3-9474-1A3956D46DE8}") = "src", "src", "{AE4349E5-3B95-4DC4-AFFA-95993EB7D7F9}"
EndProject
Project("{2150E333-8FDC-42A3-9474-1A3956D46DE8}") = "tests", "tests", "{589B6120-C56F-4E81-AEE4-A5B283D2D9C4}"
EndProject
Project("{2150E333-8FDC-42A3-9474-1A3956D46DE8}") = "Api", "Api", "{BE0CF55B-99BB-4537-AD6B-F532164DC8D9}"
EndProject
Project("{2150E333-8FDC-42A3-9474-1A3956D46DE8}") = "Client", "Client", "{4172DC5C-BB9F-4D98-A354-BF12F163CF13}"
EndProject
Project("{2150E333-8FDC-42A3-9474-1A3956D46DE8}") = "Applicaton", "Applicaton", "{A9D29449-09D4-4025-A0C4-87E561E5ED4E}"
EndProject
Project("{2150E333-8FDC-42A3-9474-1A3956D46DE8}") = "Domain", "Domain", "{B34ACF7A-742C-414E-A2F1-32B6C078C2CC}"
EndProject
Project("{2150E333-8FDC-42A3-9474-1A3956D46DE8}") = "Insfratructure", "Insfratructure", "{C34437A6-E026-41CE-BE60-5A1C79A8841A}"
EndProject
Project("{2150E333-8FDC-42A3-9474-1A3956D46DE8}") = "Common", "Common", "{DF3EB9C5-71A8-4F3B-ACD9-3804D618FFBB}"
EndProject
Project("{9A19103F-16F7-4668-BE54-9A1E7A4F7556}") = "INTUS.SalesManager.Application", "src\Application\INTUS.SalesManager.Application\INTUS.SalesManager.Application.csproj", "{7C0367F9-C42D-4B97-BB42-BB0D51CAC453}"
EndProject
Project("{9A19103F-16F7-4668-BE54-9A1E7A4F7556}") = "INTUS.SalesManager.Domain.Services", "src\Domain\INTUS.SalesManager.Domain.Services\INTUS.SalesManager.Domain.Services.csproj", "{9842B59B-94F0-44B3-ADFB-1E5B7E8381DB}"
EndProject
Project("{9A19103F-16F7-4668-BE54-9A1E7A4F7556}") = "INTUS.SalesManager.Domain.Models", "src\Domain\INTUS.SalesManager.Domain.Models\INTUS.SalesManager.Domain.Models.csproj", "{22741E1C-D695-4E73-A8D0-DBB36183A6D6}"
EndProject
Project("{9A19103F-16F7-4668-BE54-9A1E7A4F7556}") = "INTUS.SalesManager.Infrastructure.DataAccess", "src\Infrastructure\INTUS.SalesManager.Infrastructure.DataAccess\INTUS.SalesManager.Infrastructure.DataAccess.csproj", "{DF3B3631-E347-49B9-AC09-B1D579F13271}"
EndProject
Project("{9A19103F-16F7-4668-BE54-9A1E7A4F7556}") = "INTUS.SalesManager.Infrastructure.Common", "src\Infrastructure\INTUS.SalesManager.Infrastructure.Common\INTUS.SalesManager.Infrastructure.Common.csproj", "{CFE52987-66F3-449F-B30B-2388ADFD698D}"
EndProject
Project("{9A19103F-16F7-4668-BE54-9A1E7A4F7556}") = "INTUS.SalesManager.Common", "src\Common\INTUS.SalesManager.Common\INTUS.SalesManager.Common.csproj", "{29B4FE26-BDEB-4AD5-8D62-DE5E84E2820B}"
EndProject
Global
	GlobalSection(SolutionConfigurationPlatforms) = preSolution
		Debug|Any CPU = Debug|Any CPU
		Release|Any CPU = Release|Any CPU
	EndGlobalSection
	GlobalSection(ProjectConfigurationPlatforms) = postSolution
		{4FE03A38-70C3-4124-B0CB-DF45408D7008}.Debug|Any CPU.ActiveCfg = Debug|Any CPU
		{4FE03A38-70C3-4124-B0CB-DF45408D7008}.Debug|Any CPU.Build.0 = Debug|Any CPU
		{4FE03A38-70C3-4124-B0CB-DF45408D7008}.Release|Any CPU.ActiveCfg = Release|Any CPU
		{4FE03A38-70C3-4124-B0CB-DF45408D7008}.Release|Any CPU.Build.0 = Release|Any CPU
		{70E08EDB-4814-4702-98E6-88B6080D07C7}.Debug|Any CPU.ActiveCfg = Debug|Any CPU
		{70E08EDB-4814-4702-98E6-88B6080D07C7}.Debug|Any CPU.Build.0 = Debug|Any CPU
		{70E08EDB-4814-4702-98E6-88B6080D07C7}.Release|Any CPU.ActiveCfg = Release|Any CPU
		{70E08EDB-4814-4702-98E6-88B6080D07C7}.Release|Any CPU.Build.0 = Release|Any CPU
		{7C0367F9-C42D-4B97-BB42-BB0D51CAC453}.Debug|Any CPU.ActiveCfg = Debug|Any CPU
		{7C0367F9-C42D-4B97-BB42-BB0D51CAC453}.Debug|Any CPU.Build.0 = Debug|Any CPU
		{7C0367F9-C42D-4B97-BB42-BB0D51CAC453}.Release|Any CPU.ActiveCfg = Release|Any CPU
		{7C0367F9-C42D-4B97-BB42-BB0D51CAC453}.Release|Any CPU.Build.0 = Release|Any CPU
		{9842B59B-94F0-44B3-ADFB-1E5B7E8381DB}.Debug|Any CPU.ActiveCfg = Debug|Any CPU
		{9842B59B-94F0-44B3-ADFB-1E5B7E8381DB}.Debug|Any CPU.Build.0 = Debug|Any CPU
		{9842B59B-94F0-44B3-ADFB-1E5B7E8381DB}.Release|Any CPU.ActiveCfg = Release|Any CPU
		{9842B59B-94F0-44B3-ADFB-1E5B7E8381DB}.Release|Any CPU.Build.0 = Release|Any CPU
		{22741E1C-D695-4E73-A8D0-DBB36183A6D6}.Debug|Any CPU.ActiveCfg = Debug|Any CPU
		{22741E1C-D695-4E73-A8D0-DBB36183A6D6}.Debug|Any CPU.Build.0 = Debug|Any CPU
		{22741E1C-D695-4E73-A8D0-DBB36183A6D6}.Release|Any CPU.ActiveCfg = Release|Any CPU
		{22741E1C-D695-4E73-A8D0-DBB36183A6D6}.Release|Any CPU.Build.0 = Release|Any CPU
		{DF3B3631-E347-49B9-AC09-B1D579F13271}.Debug|Any CPU.ActiveCfg = Debug|Any CPU
		{DF3B3631-E347-49B9-AC09-B1D579F13271}.Debug|Any CPU.Build.0 = Debug|Any CPU
		{DF3B3631-E347-49B9-AC09-B1D579F13271}.Release|Any CPU.ActiveCfg = Release|Any CPU
		{DF3B3631-E347-49B9-AC09-B1D579F13271}.Release|Any CPU.Build.0 = Release|Any CPU
		{CFE52987-66F3-449F-B30B-2388ADFD698D}.Debug|Any CPU.ActiveCfg = Debug|Any CPU
		{CFE52987-66F3-449F-B30B-2388ADFD698D}.Debug|Any CPU.Build.0 = Debug|Any CPU
		{CFE52987-66F3-449F-B30B-2388ADFD698D}.Release|Any CPU.ActiveCfg = Release|Any CPU
		{CFE52987-66F3-449F-B30B-2388ADFD698D}.Release|Any CPU.Build.0 = Release|Any CPU
		{29B4FE26-BDEB-4AD5-8D62-DE5E84E2820B}.Debug|Any CPU.ActiveCfg = Debug|Any CPU
		{29B4FE26-BDEB-4AD5-8D62-DE5E84E2820B}.Debug|Any CPU.Build.0 = Debug|Any CPU
		{29B4FE26-BDEB-4AD5-8D62-DE5E84E2820B}.Release|Any CPU.ActiveCfg = Release|Any CPU
		{29B4FE26-BDEB-4AD5-8D62-DE5E84E2820B}.Release|Any CPU.Build.0 = Release|Any CPU
	EndGlobalSection
	GlobalSection(SolutionProperties) = preSolution
		HideSolutionNode = FALSE
	EndGlobalSection
	GlobalSection(NestedProjects) = preSolution
		{4FE03A38-70C3-4124-B0CB-DF45408D7008} = {BE0CF55B-99BB-4537-AD6B-F532164DC8D9}
		{70E08EDB-4814-4702-98E6-88B6080D07C7} = {4172DC5C-BB9F-4D98-A354-BF12F163CF13}
		{BE0CF55B-99BB-4537-AD6B-F532164DC8D9} = {AE4349E5-3B95-4DC4-AFFA-95993EB7D7F9}
		{4172DC5C-BB9F-4D98-A354-BF12F163CF13} = {AE4349E5-3B95-4DC4-AFFA-95993EB7D7F9}
		{A9D29449-09D4-4025-A0C4-87E561E5ED4E} = {AE4349E5-3B95-4DC4-AFFA-95993EB7D7F9}
		{B34ACF7A-742C-414E-A2F1-32B6C078C2CC} = {AE4349E5-3B95-4DC4-AFFA-95993EB7D7F9}
		{C34437A6-E026-41CE-BE60-5A1C79A8841A} = {AE4349E5-3B95-4DC4-AFFA-95993EB7D7F9}
		{DF3EB9C5-71A8-4F3B-ACD9-3804D618FFBB} = {AE4349E5-3B95-4DC4-AFFA-95993EB7D7F9}
		{7C0367F9-C42D-4B97-BB42-BB0D51CAC453} = {A9D29449-09D4-4025-A0C4-87E561E5ED4E}
		{9842B59B-94F0-44B3-ADFB-1E5B7E8381DB} = {B34ACF7A-742C-414E-A2F1-32B6C078C2CC}
		{22741E1C-D695-4E73-A8D0-DBB36183A6D6} = {B34ACF7A-742C-414E-A2F1-32B6C078C2CC}
		{DF3B3631-E347-49B9-AC09-B1D579F13271} = {C34437A6-E026-41CE-BE60-5A1C79A8841A}
		{CFE52987-66F3-449F-B30B-2388ADFD698D} = {C34437A6-E026-41CE-BE60-5A1C79A8841A}
		{29B4FE26-BDEB-4AD5-8D62-DE5E84E2820B} = {DF3EB9C5-71A8-4F3B-ACD9-3804D618FFBB}
	EndGlobalSection
	GlobalSection(ExtensibilityGlobals) = postSolution
		SolutionGuid = {0F94B4C5-011F-4856-A9D5-8FD21E57DBA5}
	EndGlobalSection
EndGlobal
