
Microsoft Visual Studio Solution File, Format Version 12.00
# Visual Studio Version 17
VisualStudioVersion = 17.8.34330.188
MinimumVisualStudioVersion = 10.0.40219.1
Project("{9A19103F-16F7-4668-BE54-9A1E7A4F7556}") = "INTUS.SalesManager.Api.Web", "src\Api\INTUS.SalesManager.Api.Web\INTUS.SalesManager.Api.Web.csproj", "{4FE03A38-70C3-4124-B0CB-DF45408D7008}"
EndProject
Project("{9A19103F-16F7-4668-BE54-9A1E7A4F7556}") = "INTUS.SalesManager.Client", "src\Client\INTUS.SalesManager.Client\INTUS.SalesManager.Client.csproj", "{70E08EDB-4814-4702-98E6-88B6080D07C7}"
EndProject
Project("{2150E333-8FDC-42A3-9474-1A3956D46DE8}") = "src", "src", "{AE4349E5-3B95-4DC4-AFFA-95993EB7D7F9}"
EndProject
Project("{2150E333-8FDC-42A3-9474-1A3956D46DE8}") = "tests", "tests", "{589B6120-C56F-4E81-AEE4-A5B283D2D9C4}"
EndProject
Project("{2150E333-8FDC-42A3-9474-1A3956D46DE8}") = "Api", "Api", "{BE0CF55B-99BB-4537-AD6B-F532164DC8D9}"
EndProject
Project("{2150E333-8FDC-42A3-9474-1A3956D46DE8}") = "Client", "Client", "{4172DC5C-BB9F-4D98-A354-BF12F163CF13}"
EndProject
Project("{2150E333-8FDC-42A3-9474-1A3956D46DE8}") = "Applicaton", "Applicaton", "{A9D29449-09D4-4025-A0C4-87E561E5ED4E}"
EndProject
Project("{2150E333-8FDC-42A3-9474-1A3956D46DE8}") = "Database", "Database", "{50E92F25-9FEC-435B-8F47-5A097F45446C}"
EndProject
Project("{2150E333-8FDC-42A3-9474-1A3956D46DE8}") = "Domain", "Domain", "{B34ACF7A-742C-414E-A2F1-32B6C078C2CC}"
EndProject
Project("{2150E333-8FDC-42A3-9474-1A3956D46DE8}") = "Insfratructure", "Insfratructure", "{C34437A6-E026-41CE-BE60-5A1C79A8841A}"
EndProject
Project("{2150E333-8FDC-42A3-9474-1A3956D46DE8}") = "Common", "Common", "{DF3EB9C5-71A8-4F3B-ACD9-3804D618FFBB}"
EndProject
Global
	GlobalSection(SolutionConfigurationPlatforms) = preSolution
		Debug|Any CPU = Debug|Any CPU
		Release|Any CPU = Release|Any CPU
	EndGlobalSection
	GlobalSection(ProjectConfigurationPlatforms) = postSolution
		{4FE03A38-70C3-4124-B0CB-DF45408D7008}.Debug|Any CPU.ActiveCfg = Debug|Any CPU
		{4FE03A38-70C3-4124-B0CB-DF45408D7008}.Debug|Any CPU.Build.0 = Debug|Any CPU
		{4FE03A38-70C3-4124-B0CB-DF45408D7008}.Release|Any CPU.ActiveCfg = Release|Any CPU
		{4FE03A38-70C3-4124-B0CB-DF45408D7008}.Release|Any CPU.Build.0 = Release|Any CPU
		{70E08EDB-4814-4702-98E6-88B6080D07C7}.Debug|Any CPU.ActiveCfg = Debug|Any CPU
		{70E08EDB-4814-4702-98E6-88B6080D07C7}.Debug|Any CPU.Build.0 = Debug|Any CPU
		{70E08EDB-4814-4702-98E6-88B6080D07C7}.Release|Any CPU.ActiveCfg = Release|Any CPU
		{70E08EDB-4814-4702-98E6-88B6080D07C7}.Release|Any CPU.Build.0 = Release|Any CPU
	EndGlobalSection
	GlobalSection(SolutionProperties) = preSolution
		HideSolutionNode = FALSE
	EndGlobalSection
	GlobalSection(NestedProjects) = preSolution
		{4FE03A38-70C3-4124-B0CB-DF45408D7008} = {BE0CF55B-99BB-4537-AD6B-F532164DC8D9}
		{70E08EDB-4814-4702-98E6-88B6080D07C7} = {4172DC5C-BB9F-4D98-A354-BF12F163CF13}
		{BE0CF55B-99BB-4537-AD6B-F532164DC8D9} = {AE4349E5-3B95-4DC4-AFFA-95993EB7D7F9}
		{4172DC5C-BB9F-4D98-A354-BF12F163CF13} = {AE4349E5-3B95-4DC4-AFFA-95993EB7D7F9}
		{A9D29449-09D4-4025-A0C4-87E561E5ED4E} = {AE4349E5-3B95-4DC4-AFFA-95993EB7D7F9}
		{50E92F25-9FEC-435B-8F47-5A097F45446C} = {AE4349E5-3B95-4DC4-AFFA-95993EB7D7F9}
		{B34ACF7A-742C-414E-A2F1-32B6C078C2CC} = {AE4349E5-3B95-4DC4-AFFA-95993EB7D7F9}
		{C34437A6-E026-41CE-BE60-5A1C79A8841A} = {AE4349E5-3B95-4DC4-AFFA-95993EB7D7F9}
		{DF3EB9C5-71A8-4F3B-ACD9-3804D618FFBB} = {AE4349E5-3B95-4DC4-AFFA-95993EB7D7F9}
	EndGlobalSection
	GlobalSection(ExtensibilityGlobals) = postSolution
		SolutionGuid = {0F94B4C5-011F-4856-A9D5-8FD21E57DBA5}
	EndGlobalSection
EndGlobal
